
Microsoft Visual Studio Solution File, Format Version 12.00
# Visual Studio Version 16
VisualStudioVersion = 16.0.29609.76
MinimumVisualStudioVersion = 10.0.40219.1
Project("{FAE04EC0-301F-11D3-BF4B-00C04F79EFBC}") = "ConsoleApp1", "ConsoleApp1\ConsoleApp1.csproj", "{E09E9C03-8BE6-45F8-984A-5F552927C5CC}"
EndProject
Global
	GlobalSection(SolutionConfigurationPlatforms) = preSolution
		Debug|Any CPU = Debug|Any CPU
		Release|Any CPU = Release|Any CPU
	EndGlobalSection
	GlobalSection(ProjectConfigurationPlatforms) = postSolution
		{E09E9C03-8BE6-45F8-984A-5F552927C5CC}.Debug|Any CPU.ActiveCfg = Debug|Any CPU
		{E09E9C03-8BE6-45F8-984A-5F552927C5CC}.Debug|Any CPU.Build.0 = Debug|Any CPU
		{E09E9C03-8BE6-45F8-984A-5F552927C5CC}.Release|Any CPU.ActiveCfg = Release|Any CPU
		{E09E9C03-8BE6-45F8-984A-5F552927C5CC}.Release|Any CPU.Build.0 = Release|Any CPU
	EndGlobalSection
	GlobalSection(SolutionProperties) = preSolution
		HideSolutionNode = FALSE
	EndGlobalSection
	GlobalSection(ExtensibilityGlobals) = postSolution
		SolutionGuid = {36A44FC3-761C-49EF-9FB8-2CA4FD2C8D5F}
	EndGlobalSection
EndGlobal
